
Microsoft Visual Studio Solution File, Format Version 12.00
# Visual Studio Version 17
VisualStudioVersion = 17.6.33712.159
MinimumVisualStudioVersion = 10.0.40219.1
Project("{FAE04EC0-301F-11D3-BF4B-00C04F79EFBC}") = "WpfExplorer", "WpfExplorer\WpfExplorer.csproj", "{8049AC46-FEB0-4B56-A83D-E65D9C822FC6}"
EndProject
Project("{2150E333-8FDC-42A3-9474-1A3956D46DE8}") = "Based", "Based", "{55132596-5F08-4366-8060-9C799CB81CDE}"
EndProject
Project("{FAE04EC0-301F-11D3-BF4B-00C04F79EFBC}") = "WpfExplorer.LayoutSupport", "WpfExplorer.LayoutSupport\WpfExplorer.LayoutSupport.csproj", "{2A472DF1-677F-4FCC-8CC4-921A3F3FC9CA}"
EndProject
Project("{FAE04EC0-301F-11D3-BF4B-00C04F79EFBC}") = "WpfExplorer.Forms", "WpfExplorer.Forms\WpfExplorer.Forms.csproj", "{64462EEE-D615-46F4-83BB-C6FB76D2DE5F}"
EndProject
Project("{FAE04EC0-301F-11D3-BF4B-00C04F79EFBC}") = "WpfExplorer.Main", "WpfExplorer.Main\WpfExplorer.Main.csproj", "{88052243-1336-4BBD-9419-C158DB33B03C}"
EndProject
Global
	GlobalSection(SolutionConfigurationPlatforms) = preSolution
		Debug|Any CPU = Debug|Any CPU
		Release|Any CPU = Release|Any CPU
	EndGlobalSection
	GlobalSection(ProjectConfigurationPlatforms) = postSolution
		{8049AC46-FEB0-4B56-A83D-E65D9C822FC6}.Debug|Any CPU.ActiveCfg = Debug|Any CPU
		{8049AC46-FEB0-4B56-A83D-E65D9C822FC6}.Debug|Any CPU.Build.0 = Debug|Any CPU
		{8049AC46-FEB0-4B56-A83D-E65D9C822FC6}.Release|Any CPU.ActiveCfg = Release|Any CPU
		{8049AC46-FEB0-4B56-A83D-E65D9C822FC6}.Release|Any CPU.Build.0 = Release|Any CPU
		{2A472DF1-677F-4FCC-8CC4-921A3F3FC9CA}.Debug|Any CPU.ActiveCfg = Debug|Any CPU
		{2A472DF1-677F-4FCC-8CC4-921A3F3FC9CA}.Debug|Any CPU.Build.0 = Debug|Any CPU
		{2A472DF1-677F-4FCC-8CC4-921A3F3FC9CA}.Release|Any CPU.ActiveCfg = Release|Any CPU
		{2A472DF1-677F-4FCC-8CC4-921A3F3FC9CA}.Release|Any CPU.Build.0 = Release|Any CPU
		{64462EEE-D615-46F4-83BB-C6FB76D2DE5F}.Debug|Any CPU.ActiveCfg = Debug|Any CPU
		{64462EEE-D615-46F4-83BB-C6FB76D2DE5F}.Debug|Any CPU.Build.0 = Debug|Any CPU
		{64462EEE-D615-46F4-83BB-C6FB76D2DE5F}.Release|Any CPU.ActiveCfg = Release|Any CPU
		{64462EEE-D615-46F4-83BB-C6FB76D2DE5F}.Release|Any CPU.Build.0 = Release|Any CPU
		{88052243-1336-4BBD-9419-C158DB33B03C}.Debug|Any CPU.ActiveCfg = Debug|Any CPU
		{88052243-1336-4BBD-9419-C158DB33B03C}.Debug|Any CPU.Build.0 = Debug|Any CPU
		{88052243-1336-4BBD-9419-C158DB33B03C}.Release|Any CPU.ActiveCfg = Release|Any CPU
		{88052243-1336-4BBD-9419-C158DB33B03C}.Release|Any CPU.Build.0 = Release|Any CPU
	EndGlobalSection
	GlobalSection(SolutionProperties) = preSolution
		HideSolutionNode = FALSE
	EndGlobalSection
	GlobalSection(NestedProjects) = preSolution
		{2A472DF1-677F-4FCC-8CC4-921A3F3FC9CA} = {55132596-5F08-4366-8060-9C799CB81CDE}
	EndGlobalSection
	GlobalSection(ExtensibilityGlobals) = postSolution
		SolutionGuid = {A87B05D6-202D-4B11-9FC3-F60926FE1B3D}
	EndGlobalSection
EndGlobal
