
Microsoft Visual Studio Solution File, Format Version 12.00
# Visual Studio Version 17
VisualStudioVersion = 17.6.33712.159
MinimumVisualStudioVersion = 10.0.40219.1
Project("{FAE04EC0-301F-11D3-BF4B-00C04F79EFBC}") = "WpfExplorer", "WpfExplorer\WpfExplorer.csproj", "{4C234365-B738-41B8-A76F-E921BF6CDF53}"
EndProject
Global
	GlobalSection(SolutionConfigurationPlatforms) = preSolution
		Debug|Any CPU = Debug|Any CPU
		Release|Any CPU = Release|Any CPU
	EndGlobalSection
	GlobalSection(ProjectConfigurationPlatforms) = postSolution
		{4C234365-B738-41B8-A76F-E921BF6CDF53}.Debug|Any CPU.ActiveCfg = Debug|Any CPU
		{4C234365-B738-41B8-A76F-E921BF6CDF53}.Debug|Any CPU.Build.0 = Debug|Any CPU
		{4C234365-B738-41B8-A76F-E921BF6CDF53}.Release|Any CPU.ActiveCfg = Release|Any CPU
		{4C234365-B738-41B8-A76F-E921BF6CDF53}.Release|Any CPU.Build.0 = Release|Any CPU
	EndGlobalSection
	GlobalSection(SolutionProperties) = preSolution
		HideSolutionNode = FALSE
	EndGlobalSection
	GlobalSection(ExtensibilityGlobals) = postSolution
		SolutionGuid = {765FBD35-2F15-4E15-AB4A-F85C67427302}
	EndGlobalSection
EndGlobal
